// !$*UTF8*$!
{
	archiveVersion = 1;
	classes = {
	};
	objectVersion = 48;
	objects = {

/* Begin PBXBuildFile section */
		2D6AD0E82072D70E009C309F /* AppDelegate.swift in Sources */ = {isa = PBXBuildFile; fileRef = 2D6AD0E72072D70E009C309F /* AppDelegate.swift */; };
		2D6AD0EA2072D70E009C309F /* ViewController.swift in Sources */ = {isa = PBXBuildFile; fileRef = 2D6AD0E92072D70E009C309F /* ViewController.swift */; };
		2D6AD0ED2072D70F009C309F /* Main.storyboard in Resources */ = {isa = PBXBuildFile; fileRef = 2D6AD0EB2072D70F009C309F /* Main.storyboard */; };
		2D6AD0EF2072D70F009C309F /* Assets.xcassets in Resources */ = {isa = PBXBuildFile; fileRef = 2D6AD0EE2072D70F009C309F /* Assets.xcassets */; };
		2D6AD0F22072D70F009C309F /* LaunchScreen.storyboard in Resources */ = {isa = PBXBuildFile; fileRef = 2D6AD0F02072D70F009C309F /* LaunchScreen.storyboard */; };
		FEE7ECF47F899AF478FB704E /* Pods_Slider_Image_Scrollview.framework in Frameworks */ = {isa = PBXBuildFile; fileRef = 3D628F843EC37140123F40A3 /* Pods_Slider_Image_Scrollview.framework */; };
/* End PBXBuildFile section */

/* Begin PBXFileReference section */
		2D6AD0E42072D70E009C309F /* Slider Image Scrollview.app */ = {isa = PBXFileReference; explicitFileType = wrapper.application; includeInIndex = 0; path = "Slider Image Scrollview.app"; sourceTree = BUILT_PRODUCTS_DIR; };
		2D6AD0E72072D70E009C309F /* AppDelegate.swift */ = {isa = PBXFileReference; lastKnownFileType = sourcecode.swift; path = AppDelegate.swift; sourceTree = "<group>"; };
		2D6AD0E92072D70E009C309F /* ViewController.swift */ = {isa = PBXFileReference; lastKnownFileType = sourcecode.swift; path = ViewController.swift; sourceTree = "<group>"; };
		2D6AD0EC2072D70F009C309F /* Base */ = {isa = PBXFileReference; lastKnownFileType = file.storyboard; name = Base; path = Base.lproj/Main.storyboard; sourceTree = "<group>"; };
		2D6AD0EE2072D70F009C309F /* Assets.xcassets */ = {isa = PBXFileReference; lastKnownFileType = folder.assetcatalog; path = Assets.xcassets; sourceTree = "<group>"; };
		2D6AD0F12072D70F009C309F /* Base */ = {isa = PBXFileReference; lastKnownFileType = file.storyboard; name = Base; path = Base.lproj/LaunchScreen.storyboard; sourceTree = "<group>"; };
		2D6AD0F32072D70F009C309F /* Info.plist */ = {isa = PBXFileReference; lastKnownFileType = text.plist.xml; path = Info.plist; sourceTree = "<group>"; };
		2D6AD0FD2072E0DF009C309F /* gambar1.png */ = {isa = PBXFileReference; lastKnownFileType = image.png; path = gambar1.png; sourceTree = "<group>"; };
		2D6AD0FE2072E0E5009C309F /* gambar2.jpg */ = {isa = PBXFileReference; lastKnownFileType = image.jpeg; path = gambar2.jpg; sourceTree = "<group>"; };
		3D628F843EC37140123F40A3 /* Pods_Slider_Image_Scrollview.framework */ = {isa = PBXFileReference; explicitFileType = wrapper.framework; includeInIndex = 0; path = Pods_Slider_Image_Scrollview.framework; sourceTree = BUILT_PRODUCTS_DIR; };
		AA93E86CB8330D2343FF7223 /* Pods-Slider Image Scrollview.debug.xcconfig */ = {isa = PBXFileReference; includeInIndex = 1; lastKnownFileType = text.xcconfig; name = "Pods-Slider Image Scrollview.debug.xcconfig"; path = "Pods/Target Support Files/Pods-Slider Image Scrollview/Pods-Slider Image Scrollview.debug.xcconfig"; sourceTree = "<group>"; };
		DA637630037CAC0F9FD189B4 /* Pods-Slider Image Scrollview.release.xcconfig */ = {isa = PBXFileReference; includeInIndex = 1; lastKnownFileType = text.xcconfig; name = "Pods-Slider Image Scrollview.release.xcconfig"; path = "Pods/Target Support Files/Pods-Slider Image Scrollview/Pods-Slider Image Scrollview.release.xcconfig"; sourceTree = "<group>"; };
/* End PBXFileReference section */

/* Begin PBXFrameworksBuildPhase section */
		2D6AD0E12072D70E009C309F /* Frameworks */ = {
			isa = PBXFrameworksBuildPhase;
			buildActionMask = 2147483647;
			files = (
				FEE7ECF47F899AF478FB704E /* Pods_Slider_Image_Scrollview.framework in Frameworks */,
			);
			runOnlyForDeploymentPostprocessing = 0;
		};
/* End PBXFrameworksBuildPhase section */

/* Begin PBXGroup section */
		2D6AD0DB2072D70E009C309F = {
			isa = PBXGroup;
			children = (
				2D6AD0E62072D70E009C309F /* Slider Image Scrollview */,
				2D6AD0E52072D70E009C309F /* Products */,
				F4ECD06FB3E850C39BD9BE8C /* Pods */,
				97047006E2A2478F39D4BCC7 /* Frameworks */,
			);
			sourceTree = "<group>";
		};
		2D6AD0E52072D70E009C309F /* Products */ = {
			isa = PBXGroup;
			children = (
				2D6AD0E42072D70E009C309F /* Slider Image Scrollview.app */,
			);
			name = Products;
			sourceTree = "<group>";
		};
		2D6AD0E62072D70E009C309F /* Slider Image Scrollview */ = {
			isa = PBXGroup;
			children = (
				2D6AD0FD2072E0DF009C309F /* gambar1.png */,
				2D6AD0E72072D70E009C309F /* AppDelegate.swift */,
				2D6AD0FE2072E0E5009C309F /* gambar2.jpg */,
				2D6AD0E92072D70E009C309F /* ViewController.swift */,
				2D6AD0EB2072D70F009C309F /* Main.storyboard */,
				2D6AD0EE2072D70F009C309F /* Assets.xcassets */,
				2D6AD0F02072D70F009C309F /* LaunchScreen.storyboard */,
				2D6AD0F32072D70F009C309F /* Info.plist */,
			);
			path = "Slider Image Scrollview";
			sourceTree = "<group>";
		};
		97047006E2A2478F39D4BCC7 /* Frameworks */ = {
			isa = PBXGroup;
			children = (
				3D628F843EC37140123F40A3 /* Pods_Slider_Image_Scrollview.framework */,
			);
			name = Frameworks;
			sourceTree = "<group>";
		};
		F4ECD06FB3E850C39BD9BE8C /* Pods */ = {
			isa = PBXGroup;
			children = (
				AA93E86CB8330D2343FF7223 /* Pods-Slider Image Scrollview.debug.xcconfig */,
				DA637630037CAC0F9FD189B4 /* Pods-Slider Image Scrollview.release.xcconfig */,
			);
			name = Pods;
			sourceTree = "<group>";
		};
/* End PBXGroup section */

/* Begin PBXNativeTarget section */
		2D6AD0E32072D70E009C309F /* Slider Image Scrollview */ = {
			isa = PBXNativeTarget;
			buildConfigurationList = 2D6AD0F62072D70F009C309F /* Build configuration list for PBXNativeTarget "Slider Image Scrollview" */;
			buildPhases = (
				F907DB9CB5E2ACB8F5F674CB /* [CP] Check Pods Manifest.lock */,
				2D6AD0E02072D70E009C309F /* Sources */,
				2D6AD0E12072D70E009C309F /* Frameworks */,
				2D6AD0E22072D70E009C309F /* Resources */,
				B71890E43BE47253387EC548 /* [CP] Embed Pods Frameworks */,
				C6B8CB8D8A2697D4E101A586 /* [CP] Copy Pods Resources */,
			);
			buildRules = (
			);
			dependencies = (
			);
			name = "Slider Image Scrollview";
			productName = "Slider Image Scrollview";
			productReference = 2D6AD0E42072D70E009C309F /* Slider Image Scrollview.app */;
			productType = "com.apple.product-type.application";
		};
/* End PBXNativeTarget section */

/* Begin PBXProject section */
		2D6AD0DC2072D70E009C309F /* Project object */ = {
			isa = PBXProject;
			attributes = {
				LastSwiftUpdateCheck = 0920;
				LastUpgradeCheck = 0920;
				ORGANIZATIONNAME = imastudio;
				TargetAttributes = {
					2D6AD0E32072D70E009C309F = {
						CreatedOnToolsVersion = 9.2;
						ProvisioningStyle = Automatic;
					};
				};
			};
			buildConfigurationList = 2D6AD0DF2072D70E009C309F /* Build configuration list for PBXProject "Slider Image Scrollview" */;
			compatibilityVersion = "Xcode 8.0";
			developmentRegion = en;
			hasScannedForEncodings = 0;
			knownRegions = (
				en,
				Base,
			);
			mainGroup = 2D6AD0DB2072D70E009C309F;
			productRefGroup = 2D6AD0E52072D70E009C309F /* Products */;
			projectDirPath = "";
			projectRoot = "";
			targets = (
				2D6AD0E32072D70E009C309F /* Slider Image Scrollview */,
			);
		};
/* End PBXProject section */

/* Begin PBXResourcesBuildPhase section */
		2D6AD0E22072D70E009C309F /* Resources */ = {
			isa = PBXResourcesBuildPhase;
			buildActionMask = 2147483647;
			files = (
				2D6AD0F22072D70F009C309F /* LaunchScreen.storyboard in Resources */,
				2D6AD0EF2072D70F009C309F /* Assets.xcassets in Resources */,
				2D6AD0ED2072D70F009C309F /* Main.storyboard in Resources */,
			);
			runOnlyForDeploymentPostprocessing = 0;
		};
/* End PBXResourcesBuildPhase section */

/* Begin PBXShellScriptBuildPhase section */
		B71890E43BE47253387EC548 /* [CP] Embed Pods Frameworks */ = {
			isa = PBXShellScriptBuildPhase;
			buildActionMask = 2147483647;
			files = (
			);
			inputPaths = (
				"${SRCROOT}/Pods/Target Support Files/Pods-Slider Image Scrollview/Pods-Slider Image Scrollview-frameworks.sh",
				"${BUILT_PRODUCTS_DIR}/AFNetworking/AFNetworking.framework",
				"${BUILT_PRODUCTS_DIR}/Alamofire/Alamofire.framework",
				"${BUILT_PRODUCTS_DIR}/AlamofireImage/AlamofireImage.framework",
				"${BUILT_PRODUCTS_DIR}/ImageSlideshow/ImageSlideshow.framework",
				"${BUILT_PRODUCTS_DIR}/Kingfisher/Kingfisher.framework",
				"${BUILT_PRODUCTS_DIR}/SDWebImage/SDWebImage.framework",
			);
			name = "[CP] Embed Pods Frameworks";
			outputPaths = (
				"${TARGET_BUILD_DIR}/${FRAMEWORKS_FOLDER_PATH}/AFNetworking.framework",
				"${TARGET_BUILD_DIR}/${FRAMEWORKS_FOLDER_PATH}/Alamofire.framework",
				"${TARGET_BUILD_DIR}/${FRAMEWORKS_FOLDER_PATH}/AlamofireImage.framework",
				"${TARGET_BUILD_DIR}/${FRAMEWORKS_FOLDER_PATH}/ImageSlideshow.framework",
				"${TARGET_BUILD_DIR}/${FRAMEWORKS_FOLDER_PATH}/Kingfisher.framework",
				"${TARGET_BUILD_DIR}/${FRAMEWORKS_FOLDER_PATH}/SDWebImage.framework",
			);
			runOnlyForDeploymentPostprocessing = 0;
			shellPath = /bin/sh;
			shellScript = "\"${SRCROOT}/Pods/Target Support Files/Pods-Slider Image Scrollview/Pods-Slider Image Scrollview-frameworks.sh\"\n";
			showEnvVarsInLog = 0;
		};
		C6B8CB8D8A2697D4E101A586 /* [CP] Copy Pods Resources */ = {
			isa = PBXShellScriptBuildPhase;
			buildActionMask = 2147483647;
			files = (
			);
			inputPaths = (
				"$(SRCROOT)/myfile",
				"$(SRCROOT)/myfile",
			);
			name = "[CP] Copy Pods Resources";
			outputPaths = (
			);
			runOnlyForDeploymentPostprocessing = 0;
			shellPath = /bin/sh;
			shellScript = "\"${SRCROOT}/Pods/Target Support Files/Pods-Slider Image Scrollview/Pods-Slider Image Scrollview-resources.sh\"\n";
			showEnvVarsInLog = 0;
		};
		F907DB9CB5E2ACB8F5F674CB /* [CP] Check Pods Manifest.lock */ = {
			isa = PBXShellScriptBuildPhase;
			buildActionMask = 2147483647;
			files = (
			);
			inputPaths = (
				"${PODS_PODFILE_DIR_PATH}/Podfile.lock",
				"${PODS_ROOT}/Manifest.lock",
			);
			name = "[CP] Check Pods Manifest.lock";
			outputPaths = (
				"$(DERIVED_FILE_DIR)/Pods-Slider Image Scrollview-checkManifestLockResult.txt",
			);
			runOnlyForDeploymentPostprocessing = 0;
			shellPath = /bin/sh;
			shellScript = "diff \"${PODS_PODFILE_DIR_PATH}/Podfile.lock\" \"${PODS_ROOT}/Manifest.lock\" > /dev/null\nif [ $? != 0 ] ; then\n    # print error to STDERR\n    echo \"error: The sandbox is not in sync with the Podfile.lock. Run 'pod install' or update your CocoaPods installation.\" >&2\n    exit 1\nfi\n# This output is used by Xcode 'outputs' to avoid re-running this script phase.\necho \"SUCCESS\" > \"${SCRIPT_OUTPUT_FILE_0}\"\n";
			showEnvVarsInLog = 0;
		};
/* End PBXShellScriptBuildPhase section */

/* Begin PBXSourcesBuildPhase section */
		2D6AD0E02072D70E009C309F /* Sources */ = {
			isa = PBXSourcesBuildPhase;
			buildActionMask = 2147483647;
			files = (
				2D6AD0EA2072D70E009C309F /* ViewController.swift in Sources */,
				2D6AD0E82072D70E009C309F /* AppDelegate.swift in Sources */,
			);
			runOnlyForDeploymentPostprocessing = 0;
		};
/* End PBXSourcesBuildPhase section */

/* Begin PBXVariantGroup section */
		2D6AD0EB2072D70F009C309F /* Main.storyboard */ = {
			isa = PBXVariantGroup;
			children = (
				2D6AD0EC2072D70F009C309F /* Base */,
			);
			name = Main.storyboard;
			sourceTree = "<group>";
		};
		2D6AD0F02072D70F009C309F /* LaunchScreen.storyboard */ = {
			isa = PBXVariantGroup;
			children = (
				2D6AD0F12072D70F009C309F /* Base */,
			);
			name = LaunchScreen.storyboard;
			sourceTree = "<group>";
		};
/* End PBXVariantGroup section */

/* Begin XCBuildConfiguration section */
		2D6AD0F42072D70F009C309F /* Debug */ = {
			isa = XCBuildConfiguration;
			buildSettings = {
				ALWAYS_SEARCH_USER_PATHS = NO;
				CLANG_ANALYZER_NONNULL = YES;
				CLANG_ANALYZER_NUMBER_OBJECT_CONVERSION = YES_AGGRESSIVE;
				CLANG_CXX_LANGUAGE_STANDARD = "gnu++14";
				CLANG_CXX_LIBRARY = "libc++";
				CLANG_ENABLE_MODULES = YES;
				CLANG_ENABLE_OBJC_ARC = YES;
				CLANG_WARN_BLOCK_CAPTURE_AUTORELEASING = YES;
				CLANG_WARN_BOOL_CONVERSION = YES;
				CLANG_WARN_COMMA = YES;
				CLANG_WARN_CONSTANT_CONVERSION = YES;
				CLANG_WARN_DIRECT_OBJC_ISA_USAGE = YES_ERROR;
				CLANG_WARN_DOCUMENTATION_COMMENTS = YES;
				CLANG_WARN_EMPTY_BODY = YES;
				CLANG_WARN_ENUM_CONVERSION = YES;
				CLANG_WARN_INFINITE_RECURSION = YES;
				CLANG_WARN_INT_CONVERSION = YES;
				CLANG_WARN_NON_LITERAL_NULL_CONVERSION = YES;
				CLANG_WARN_OBJC_LITERAL_CONVERSION = YES;
				CLANG_WARN_OBJC_ROOT_CLASS = YES_ERROR;
				CLANG_WARN_RANGE_LOOP_ANALYSIS = YES;
				CLANG_WARN_STRICT_PROTOTYPES = YES;
				CLANG_WARN_SUSPICIOUS_MOVE = YES;
				CLANG_WARN_UNGUARDED_AVAILABILITY = YES_AGGRESSIVE;
				CLANG_WARN_UNREACHABLE_CODE = YES;
				CLANG_WARN__DUPLICATE_METHOD_MATCH = YES;
				CODE_SIGN_IDENTITY = "iPhone Developer";
				COPY_PHASE_STRIP = NO;
				DEBUG_INFORMATION_FORMAT = dwarf;
				ENABLE_STRICT_OBJC_MSGSEND = YES;
				ENABLE_TESTABILITY = YES;
				GCC_C_LANGUAGE_STANDARD = gnu11;
				GCC_DYNAMIC_NO_PIC = NO;
				GCC_NO_COMMON_BLOCKS = YES;
				GCC_OPTIMIZATION_LEVEL = 0;
				GCC_PREPROCESSOR_DEFINITIONS = (
					"DEBUG=1",
					"$(inherited)",
				);
				GCC_WARN_64_TO_32_BIT_CONVERSION = YES;
				GCC_WARN_ABOUT_RETURN_TYPE = YES_ERROR;
				GCC_WARN_UNDECLARED_SELECTOR = YES;
				GCC_WARN_UNINITIALIZED_AUTOS = YES_AGGRESSIVE;
				GCC_WARN_UNUSED_FUNCTION = YES;
				GCC_WARN_UNUSED_VARIABLE = YES;
				IPHONEOS_DEPLOYMENT_TARGET = 11.2;
				MTL_ENABLE_DEBUG_INFO = YES;
				ONLY_ACTIVE_ARCH = YES;
				SDKROOT = iphoneos;
				SWIFT_ACTIVE_COMPILATION_CONDITIONS = DEBUG;
				SWIFT_OPTIMIZATION_LEVEL = "-Onone";
			};
			name = Debug;
		};
		2D6AD0F52072D70F009C309F /* Release */ = {
			isa = XCBuildConfiguration;
			buildSettings = {
				ALWAYS_SEARCH_USER_PATHS = NO;
				CLANG_ANALYZER_NONNULL = YES;
				CLANG_ANALYZER_NUMBER_OBJECT_CONVERSION = YES_AGGRESSIVE;
				CLANG_CXX_LANGUAGE_STANDARD = "gnu++14";
				CLANG_CXX_LIBRARY = "libc++";
				CLANG_ENABLE_MODULES = YES;
				CLANG_ENABLE_OBJC_ARC = YES;
				CLANG_WARN_BLOCK_CAPTURE_AUTORELEASING = YES;
				CLANG_WARN_BOOL_CONVERSION = YES;
				CLANG_WARN_COMMA = YES;
				CLANG_WARN_CONSTANT_CONVERSION = YES;
				CLANG_WARN_DIRECT_OBJC_ISA_USAGE = YES_ERROR;
				CLANG_WARN_DOCUMENTATION_COMMENTS = YES;
				CLANG_WARN_EMPTY_BODY = YES;
				CLANG_WARN_ENUM_CONVERSION = YES;
				CLANG_WARN_INFINITE_RECURSION = YES;
				CLANG_WARN_INT_CONVERSION = YES;
				CLANG_WARN_NON_LITERAL_NULL_CONVERSION = YES;
				CLANG_WARN_OBJC_LITERAL_CONVERSION = YES;
				CLANG_WARN_OBJC_ROOT_CLASS = YES_ERROR;
				CLANG_WARN_RANGE_LOOP_ANALYSIS = YES;
				CLANG_WARN_STRICT_PROTOTYPES = YES;
				CLANG_WARN_SUSPICIOUS_MOVE = YES;
				CLANG_WARN_UNGUARDED_AVAILABILITY = YES_AGGRESSIVE;
				CLANG_WARN_UNREACHABLE_CODE = YES;
				CLANG_WARN__DUPLICATE_METHOD_MATCH = YES;
				CODE_SIGN_IDENTITY = "iPhone Developer";
				COPY_PHASE_STRIP = NO;
				DEBUG_INFORMATION_FORMAT = "dwarf-with-dsym";
				ENABLE_NS_ASSERTIONS = NO;
				ENABLE_STRICT_OBJC_MSGSEND = YES;
				GCC_C_LANGUAGE_STANDARD = gnu11;
				GCC_NO_COMMON_BLOCKS = YES;
				GCC_WARN_64_TO_32_BIT_CONVERSION = YES;
				GCC_WARN_ABOUT_RETURN_TYPE = YES_ERROR;
				GCC_WARN_UNDECLARED_SELECTOR = YES;
				GCC_WARN_UNINITIALIZED_AUTOS = YES_AGGRESSIVE;
				GCC_WARN_UNUSED_FUNCTION = YES;
				GCC_WARN_UNUSED_VARIABLE = YES;
				IPHONEOS_DEPLOYMENT_TARGET = 11.2;
				MTL_ENABLE_DEBUG_INFO = NO;
				SDKROOT = iphoneos;
				SWIFT_OPTIMIZATION_LEVEL = "-Owholemodule";
				VALIDATE_PRODUCT = YES;
			};
			name = Release;
		};
		2D6AD0F72072D70F009C309F /* Debug */ = {
			isa = XCBuildConfiguration;
			baseConfigurationReference = AA93E86CB8330D2343FF7223 /* Pods-Slider Image Scrollview.debug.xcconfig */;
			buildSettings = {
				ASSETCATALOG_COMPILER_APPICON_NAME = AppIcon;
				CODE_SIGN_STYLE = Automatic;
				DEVELOPMENT_TEAM = Y5VE7KJP5J;
				INFOPLIST_FILE = "Slider Image Scrollview/Info.plist";
				LD_RUNPATH_SEARCH_PATHS = "$(inherited) @executable_path/Frameworks";
				PRODUCT_BUNDLE_IDENTIFIER = "imastudio.co.id.Slider-Image-Scrollview";
				PRODUCT_NAME = "$(TARGET_NAME)";
				SWIFT_VERSION = 4.0;
				TARGETED_DEVICE_FAMILY = "1,2";
			};
			name = Debug;
		};
		2D6AD0F82072D70F009C309F /* Release */ = {
			isa = XCBuildConfiguration;
			baseConfigurationReference = DA637630037CAC0F9FD189B4 /* Pods-Slider Image Scrollview.release.xcconfig */;
			buildSettings = {
				ASSETCATALOG_COMPILER_APPICON_NAME = AppIcon;
				CODE_SIGN_STYLE = Automatic;
				DEVELOPMENT_TEAM = Y5VE7KJP5J;
				INFOPLIST_FILE = "Slider Image Scrollview/Info.plist";
				LD_RUNPATH_SEARCH_PATHS = "$(inherited) @executable_path/Frameworks";
				PRODUCT_BUNDLE_IDENTIFIER = "imastudio.co.id.Slider-Image-Scrollview";
				PRODUCT_NAME = "$(TARGET_NAME)";
				SWIFT_VERSION = 4.0;
				TARGETED_DEVICE_FAMILY = "1,2";
			};
			name = Release;
		};
/* End XCBuildConfiguration section */

/* Begin XCConfigurationList section */
		2D6AD0DF2072D70E009C309F /* Build configuration list for PBXProject "Slider Image Scrollview" */ = {
			isa = XCConfigurationList;
			buildConfigurations = (
				2D6AD0F42072D70F009C309F /* Debug */,
				2D6AD0F52072D70F009C309F /* Release */,
			);
			defaultConfigurationIsVisible = 0;
			defaultConfigurationName = Release;
		};
		2D6AD0F62072D70F009C309F /* Build configuration list for PBXNativeTarget "Slider Image Scrollview" */ = {
			isa = XCConfigurationList;
			buildConfigurations = (
				2D6AD0F72072D70F009C309F /* Debug */,
				2D6AD0F82072D70F009C309F /* Release */,
			);
			defaultConfigurationIsVisible = 0;
			defaultConfigurationName = Release;
		};
/* End XCConfigurationList section */
	};
	rootObject = 2D6AD0DC2072D70E009C309F /* Project object */;
}
